// !$*UTF8*$!
{
	archiveVersion = 1;
	classes = {
	};
	objectVersion = 56;
	objects = {

/* Begin PBXBuildFile section */
		FCE1BD372CCE69C900FC97F0 /* AppCoordinator.swift in Sources */ = {isa = PBXBuildFile; fileRef = FCE1BD2C2CCE69C900FC97F0 /* AppCoordinator.swift */; };
		FCE1BD382CCE69C900FC97F0 /* AppDelegate.swift in Sources */ = {isa = PBXBuildFile; fileRef = FCE1BD2D2CCE69C900FC97F0 /* AppDelegate.swift */; };
		FCE1BD392CCE69C900FC97F0 /* SceneDelegate.swift in Sources */ = {isa = PBXBuildFile; fileRef = FCE1BD342CCE69C900FC97F0 /* SceneDelegate.swift */; };
		FCE1BD3A2CCE69C900FC97F0 /* MovieListViewController.swift in Sources */ = {isa = PBXBuildFile; fileRef = FCE1BD352CCE69C900FC97F0 /* MovieListViewController.swift */; };
		FCE1BD3B2CCE69C900FC97F0 /* Assets.xcassets in Resources */ = {isa = PBXBuildFile; fileRef = FCE1BD2E2CCE69C900FC97F0 /* Assets.xcassets */; };
		FCE1BD3D2CCE69C900FC97F0 /* LaunchScreen.storyboard in Resources */ = {isa = PBXBuildFile; fileRef = FCE1BD312CCE69C900FC97F0 /* LaunchScreen.storyboard */; };
		FCE1BD402CCE69E500FC97F0 /* MovieCoordinator.swift in Sources */ = {isa = PBXBuildFile; fileRef = FCE1BD3F2CCE69E500FC97F0 /* MovieCoordinator.swift */; };
/* End PBXBuildFile section */

/* Begin PBXContainerItemProxy section */
		FCE1BD892CCE706200FC97F0 /* PBXContainerItemProxy */ = {
			isa = PBXContainerItemProxy;
			containerPortal = FCE1BD032CCE664F00FC97F0 /* Project object */;
			proxyType = 1;
			remoteGlobalIDString = FCE1BD0A2CCE664F00FC97F0;
			remoteInfo = TMDBMovieApp;
		};
/* End PBXContainerItemProxy section */

/* Begin PBXFileReference section */
		FCE1BD0B2CCE664F00FC97F0 /* TMDBMovieApp.app */ = {isa = PBXFileReference; explicitFileType = wrapper.application; includeInIndex = 0; path = TMDBMovieApp.app; sourceTree = BUILT_PRODUCTS_DIR; };
		FCE1BD2C2CCE69C900FC97F0 /* AppCoordinator.swift */ = {isa = PBXFileReference; lastKnownFileType = sourcecode.swift; path = AppCoordinator.swift; sourceTree = "<group>"; };
		FCE1BD2D2CCE69C900FC97F0 /* AppDelegate.swift */ = {isa = PBXFileReference; lastKnownFileType = sourcecode.swift; path = AppDelegate.swift; sourceTree = "<group>"; };
		FCE1BD2E2CCE69C900FC97F0 /* Assets.xcassets */ = {isa = PBXFileReference; lastKnownFileType = folder.assetcatalog; path = Assets.xcassets; sourceTree = "<group>"; };
		FCE1BD2F2CCE69C900FC97F0 /* Info.plist */ = {isa = PBXFileReference; lastKnownFileType = text.plist.xml; path = Info.plist; sourceTree = "<group>"; };
		FCE1BD302CCE69C900FC97F0 /* Base */ = {isa = PBXFileReference; lastKnownFileType = file.storyboard; name = Base; path = Base.lproj/LaunchScreen.storyboard; sourceTree = "<group>"; };
		FCE1BD342CCE69C900FC97F0 /* SceneDelegate.swift */ = {isa = PBXFileReference; lastKnownFileType = sourcecode.swift; path = SceneDelegate.swift; sourceTree = "<group>"; };
		FCE1BD352CCE69C900FC97F0 /* MovieListViewController.swift */ = {isa = PBXFileReference; lastKnownFileType = sourcecode.swift; path = MovieListViewController.swift; sourceTree = "<group>"; };
		FCE1BD3F2CCE69E500FC97F0 /* MovieCoordinator.swift */ = {isa = PBXFileReference; lastKnownFileType = sourcecode.swift; path = MovieCoordinator.swift; sourceTree = "<group>"; };
		FCE1BD852CCE706200FC97F0 /* TMDBMovieAppTests.xctest */ = {isa = PBXFileReference; explicitFileType = wrapper.cfbundle; includeInIndex = 0; path = TMDBMovieAppTests.xctest; sourceTree = BUILT_PRODUCTS_DIR; };
/* End PBXFileReference section */


/* Begin PBXFrameworksBuildPhase section */
		FCE1BD082CCE664F00FC97F0 /* Frameworks */ = {
			isa = PBXFrameworksBuildPhase;
			buildActionMask = 2147483647;
			files = (
			);
			runOnlyForDeploymentPostprocessing = 0;
		};
		FCE1BD822CCE706200FC97F0 /* Frameworks */ = {
			isa = PBXFrameworksBuildPhase;
			buildActionMask = 2147483647;
			files = (
			);
			runOnlyForDeploymentPostprocessing = 0;
		};
/* End PBXFrameworksBuildPhase section */

/* Begin PBXGroup section */
		FCE1BD022CCE664F00FC97F0 = {
			isa = PBXGroup;
			children = (
				FCE1BD362CCE69C900FC97F0 /* TMDBMovieApp */,
				FCE1BD862CCE706200FC97F0 /* TMDBMovieAppTests */,
				FCE1BD0C2CCE664F00FC97F0 /* Products */,
			);
			sourceTree = "<group>";
		};
		FCE1BD0C2CCE664F00FC97F0 /* Products */ = {
			isa = PBXGroup;
			children = (
				FCE1BD0B2CCE664F00FC97F0 /* TMDBMovieApp.app */,
				FCE1BD852CCE706200FC97F0 /* TMDBMovieAppTests.xctest */,
			);
			name = Products;
			sourceTree = "<group>";
		};
		FCE1BD2B2CCE69C900FC97F0 /* Scenes */ = {
			isa = PBXGroup;
			children = (
				FCE1BD432CCE6CAE00FC97F0 /* MovieDetails */,
				FCE1BD422CCE6CA300FC97F0 /* MovieList */,
				FCE1BD3F2CCE69E500FC97F0 /* MovieCoordinator.swift */,
			);
			path = Scenes;
			sourceTree = "<group>";
		};
		FCE1BD362CCE69C900FC97F0 /* TMDBMovieApp */ = {
			isa = PBXGroup;
			children = (
				FCE1BD412CCE6A7100FC97F0 /* Resources */,
				FCE1BD2B2CCE69C900FC97F0 /* Scenes */,
				FCE1BD2C2CCE69C900FC97F0 /* AppCoordinator.swift */,
				FCE1BD2D2CCE69C900FC97F0 /* AppDelegate.swift */,
				FCE1BD342CCE69C900FC97F0 /* SceneDelegate.swift */,
			);
			path = TMDBMovieApp;
			sourceTree = "<group>";
		};
		FCE1BD412CCE6A7100FC97F0 /* Resources */ = {
			isa = PBXGroup;
			children = (
				FCE1BD2E2CCE69C900FC97F0 /* Assets.xcassets */,
				FCE1BD2F2CCE69C900FC97F0 /* Info.plist */,
				FCE1BD312CCE69C900FC97F0 /* LaunchScreen.storyboard */,
			);
			path = Resources;
			sourceTree = "<group>";
		};
		FCE1BD422CCE6CA300FC97F0 /* MovieList */ = {
			isa = PBXGroup;
			children = (
				FCE1BD352CCE69C900FC97F0 /* MovieListViewController.swift */,
			);
			path = MovieList;
			sourceTree = "<group>";
		};
		FCE1BD432CCE6CAE00FC97F0 /* MovieDetails */ = {
			isa = PBXGroup;
			children = (
			);
			path = MovieDetails;
			sourceTree = "<group>";
		};
/* End PBXGroup section */

/* Begin PBXNativeTarget section */
		FCE1BD0A2CCE664F00FC97F0 /* TMDBMovieApp */ = {
			isa = PBXNativeTarget;
			buildConfigurationList = FCE1BD1E2CCE665000FC97F0 /* Build configuration list for PBXNativeTarget "TMDBMovieApp" */;
			buildPhases = (
				FCE1BD072CCE664F00FC97F0 /* Sources */,
				FCE1BD082CCE664F00FC97F0 /* Frameworks */,
				FCE1BD092CCE664F00FC97F0 /* Resources */,
			);
			buildRules = (
			);
			dependencies = (
			);
			name = TMDBMovieApp;
			packageProductDependencies = (
			);
			productName = TMDBMovieApp;
			productReference = FCE1BD0B2CCE664F00FC97F0 /* TMDBMovieApp.app */;
			productType = "com.apple.product-type.application";
		};
		FCE1BD842CCE706200FC97F0 /* TMDBMovieAppTests */ = {
			isa = PBXNativeTarget;
			buildConfigurationList = FCE1BD8B2CCE706200FC97F0 /* Build configuration list for PBXNativeTarget "TMDBMovieAppTests" */;
			buildPhases = (
				FCE1BD812CCE706200FC97F0 /* Sources */,
				FCE1BD822CCE706200FC97F0 /* Frameworks */,
				FCE1BD832CCE706200FC97F0 /* Resources */,
			);
			buildRules = (
			);
			dependencies = (
				FCE1BD8A2CCE706200FC97F0 /* PBXTargetDependency */,
			);
			fileSystemSynchronizedGroups = (
				FCE1BD862CCE706200FC97F0 /* TMDBMovieAppTests */,
			);
			name = TMDBMovieAppTests;
			packageProductDependencies = (
			);
			productName = TMDBMovieAppTests;
			productReference = FCE1BD852CCE706200FC97F0 /* TMDBMovieAppTests.xctest */;
			productType = "com.apple.product-type.bundle.unit-test";
		};
/* End PBXNativeTarget section */

/* Begin PBXProject section */
		FCE1BD032CCE664F00FC97F0 /* Project object */ = {
			isa = PBXProject;
			attributes = {
				BuildIndependentTargetsInParallel = 1;
				LastSwiftUpdateCheck = 1600;
				LastUpgradeCheck = 1600;
				TargetAttributes = {
					FCE1BD0A2CCE664F00FC97F0 = {
						CreatedOnToolsVersion = 16.0;
					};
					FCE1BD842CCE706200FC97F0 = {
						CreatedOnToolsVersion = 16.0;
						TestTargetID = FCE1BD0A2CCE664F00FC97F0;
					};
				};
			};
			buildConfigurationList = FCE1BD062CCE664F00FC97F0 /* Build configuration list for PBXProject "TMDBMovieApp" */;
			compatibilityVersion = "Xcode 14.0";
			developmentRegion = en;
			hasScannedForEncodings = 0;
			knownRegions = (
				en,
				Base,
			);
			mainGroup = FCE1BD022CCE664F00FC97F0;
			productRefGroup = FCE1BD0C2CCE664F00FC97F0 /* Products */;
			projectDirPath = "";
			projectRoot = "";
			targets = (
				FCE1BD0A2CCE664F00FC97F0 /* TMDBMovieApp */,
				FCE1BD842CCE706200FC97F0 /* TMDBMovieAppTests */,
			);
		};
/* End PBXProject section */

/* Begin PBXResourcesBuildPhase section */
		FCE1BD092CCE664F00FC97F0 /* Resources */ = {
			isa = PBXResourcesBuildPhase;
			buildActionMask = 2147483647;
			files = (
				FCE1BD3B2CCE69C900FC97F0 /* Assets.xcassets in Resources */,
				FCE1BD3D2CCE69C900FC97F0 /* LaunchScreen.storyboard in Resources */,
			);
			runOnlyForDeploymentPostprocessing = 0;
		};
		FCE1BD832CCE706200FC97F0 /* Resources */ = {
			isa = PBXResourcesBuildPhase;
			buildActionMask = 2147483647;
			files = (
			);
			runOnlyForDeploymentPostprocessing = 0;
		};
/* End PBXResourcesBuildPhase section */

/* Begin PBXSourcesBuildPhase section */
		FCE1BD072CCE664F00FC97F0 /* Sources */ = {
			isa = PBXSourcesBuildPhase;
			buildActionMask = 2147483647;
			files = (
				FCE1BD372CCE69C900FC97F0 /* AppCoordinator.swift in Sources */,
				FCE1BD402CCE69E500FC97F0 /* MovieCoordinator.swift in Sources */,
				FCE1BD382CCE69C900FC97F0 /* AppDelegate.swift in Sources */,
				FCE1BD392CCE69C900FC97F0 /* SceneDelegate.swift in Sources */,
				FCE1BD3A2CCE69C900FC97F0 /* MovieListViewController.swift in Sources */,
			);
			runOnlyForDeploymentPostprocessing = 0;
		};
		FCE1BD812CCE706200FC97F0 /* Sources */ = {
			isa = PBXSourcesBuildPhase;
			buildActionMask = 2147483647;
			files = (
			);
			runOnlyForDeploymentPostprocessing = 0;
		};
/* End PBXSourcesBuildPhase section */

/* Begin PBXTargetDependency section */
		FCE1BD8A2CCE706200FC97F0 /* PBXTargetDependency */ = {
			isa = PBXTargetDependency;
			target = FCE1BD0A2CCE664F00FC97F0 /* TMDBMovieApp */;
			targetProxy = FCE1BD892CCE706200FC97F0 /* PBXContainerItemProxy */;
		};
/* End PBXTargetDependency section */

/* Begin PBXVariantGroup section */
		FCE1BD312CCE69C900FC97F0 /* LaunchScreen.storyboard */ = {
			isa = PBXVariantGroup;
			children = (
				FCE1BD302CCE69C900FC97F0 /* Base */,
			);
			name = LaunchScreen.storyboard;
			sourceTree = "<group>";
		};
/* End PBXVariantGroup section */

/* Begin XCBuildConfiguration section */
		FCE1BD1F2CCE665000FC97F0 /* Debug */ = {
			isa = XCBuildConfiguration;
			buildSettings = {
				ASSETCATALOG_COMPILER_APPICON_NAME = AppIcon;
				ASSETCATALOG_COMPILER_GLOBAL_ACCENT_COLOR_NAME = AccentColor;
				CODE_SIGN_STYLE = Automatic;
				CURRENT_PROJECT_VERSION = 1;
				GENERATE_INFOPLIST_FILE = YES;
				INFOPLIST_FILE = TMDBMovieApp/Resources/Info.plist;
				INFOPLIST_KEY_UIApplicationSupportsIndirectInputEvents = YES;
				INFOPLIST_KEY_UILaunchStoryboardName = LaunchScreen;
				INFOPLIST_KEY_UISupportedInterfaceOrientations_iPhone = UIInterfaceOrientationPortrait;
				LD_RUNPATH_SEARCH_PATHS = (
					"$(inherited)",
					"@executable_path/Frameworks",
				);
				MARKETING_VERSION = 1.0;
				PRODUCT_BUNDLE_IDENTIFIER = szabolcsvarga.TMDBMovieApp;
				PRODUCT_NAME = "$(TARGET_NAME)";
				SUPPORTED_PLATFORMS = "iphoneos iphonesimulator";
				SUPPORTS_MACCATALYST = NO;
				SUPPORTS_MAC_DESIGNED_FOR_IPHONE_IPAD = NO;
				SUPPORTS_XR_DESIGNED_FOR_IPHONE_IPAD = NO;
				SWIFT_EMIT_LOC_STRINGS = YES;
				SWIFT_VERSION = 5.0;
				TARGETED_DEVICE_FAMILY = 1;
			};
			name = Debug;
		};
		FCE1BD202CCE665000FC97F0 /* Release */ = {
			isa = XCBuildConfiguration;
			buildSettings = {
				ASSETCATALOG_COMPILER_APPICON_NAME = AppIcon;
				ASSETCATALOG_COMPILER_GLOBAL_ACCENT_COLOR_NAME = AccentColor;
				CODE_SIGN_STYLE = Automatic;
				CURRENT_PROJECT_VERSION = 1;
				GENERATE_INFOPLIST_FILE = YES;
				INFOPLIST_FILE = TMDBMovieApp/Resources/Info.plist;
				INFOPLIST_KEY_UIApplicationSupportsIndirectInputEvents = YES;
				INFOPLIST_KEY_UILaunchStoryboardName = LaunchScreen;
				INFOPLIST_KEY_UISupportedInterfaceOrientations_iPhone = UIInterfaceOrientationPortrait;
				LD_RUNPATH_SEARCH_PATHS = (
					"$(inherited)",
					"@executable_path/Frameworks",
				);
				MARKETING_VERSION = 1.0;
				PRODUCT_BUNDLE_IDENTIFIER = szabolcsvarga.TMDBMovieApp;
				PRODUCT_NAME = "$(TARGET_NAME)";
				SUPPORTED_PLATFORMS = "iphoneos iphonesimulator";
				SUPPORTS_MACCATALYST = NO;
				SUPPORTS_MAC_DESIGNED_FOR_IPHONE_IPAD = NO;
				SUPPORTS_XR_DESIGNED_FOR_IPHONE_IPAD = NO;
				SWIFT_EMIT_LOC_STRINGS = YES;
				SWIFT_VERSION = 5.0;
				TARGETED_DEVICE_FAMILY = 1;
			};
			name = Release;
		};
		FCE1BD212CCE665000FC97F0 /* Debug */ = {
			isa = XCBuildConfiguration;
			buildSettings = {
				ALWAYS_SEARCH_USER_PATHS = NO;
				ASSETCATALOG_COMPILER_GENERATE_SWIFT_ASSET_SYMBOL_EXTENSIONS = YES;
				CLANG_ANALYZER_NONNULL = YES;
				CLANG_ANALYZER_NUMBER_OBJECT_CONVERSION = YES_AGGRESSIVE;
				CLANG_CXX_LANGUAGE_STANDARD = "gnu++20";
				CLANG_ENABLE_MODULES = YES;
				CLANG_ENABLE_OBJC_ARC = YES;
				CLANG_ENABLE_OBJC_WEAK = YES;
				CLANG_WARN_BLOCK_CAPTURE_AUTORELEASING = YES;
				CLANG_WARN_BOOL_CONVERSION = YES;
				CLANG_WARN_COMMA = YES;
				CLANG_WARN_CONSTANT_CONVERSION = YES;
				CLANG_WARN_DEPRECATED_OBJC_IMPLEMENTATIONS = YES;
				CLANG_WARN_DIRECT_OBJC_ISA_USAGE = YES_ERROR;
				CLANG_WARN_DOCUMENTATION_COMMENTS = YES;
				CLANG_WARN_EMPTY_BODY = YES;
				CLANG_WARN_ENUM_CONVERSION = YES;
				CLANG_WARN_INFINITE_RECURSION = YES;
				CLANG_WARN_INT_CONVERSION = YES;
				CLANG_WARN_NON_LITERAL_NULL_CONVERSION = YES;
				CLANG_WARN_OBJC_IMPLICIT_RETAIN_SELF = YES;
				CLANG_WARN_OBJC_LITERAL_CONVERSION = YES;
				CLANG_WARN_OBJC_ROOT_CLASS = YES_ERROR;
				CLANG_WARN_QUOTED_INCLUDE_IN_FRAMEWORK_HEADER = YES;
				CLANG_WARN_RANGE_LOOP_ANALYSIS = YES;
				CLANG_WARN_STRICT_PROTOTYPES = YES;
				CLANG_WARN_SUSPICIOUS_MOVE = YES;
				CLANG_WARN_UNGUARDED_AVAILABILITY = YES_AGGRESSIVE;
				CLANG_WARN_UNREACHABLE_CODE = YES;
				CLANG_WARN__DUPLICATE_METHOD_MATCH = YES;
				COPY_PHASE_STRIP = NO;
				DEBUG_INFORMATION_FORMAT = dwarf;
				ENABLE_STRICT_OBJC_MSGSEND = YES;
				ENABLE_TESTABILITY = YES;
				ENABLE_USER_SCRIPT_SANDBOXING = YES;
				GCC_C_LANGUAGE_STANDARD = gnu17;
				GCC_DYNAMIC_NO_PIC = NO;
				GCC_NO_COMMON_BLOCKS = YES;
				GCC_OPTIMIZATION_LEVEL = 0;
				GCC_PREPROCESSOR_DEFINITIONS = (
					"DEBUG=1",
					"$(inherited)",
				);
				GCC_WARN_64_TO_32_BIT_CONVERSION = YES;
				GCC_WARN_ABOUT_RETURN_TYPE = YES_ERROR;
				GCC_WARN_UNDECLARED_SELECTOR = YES;
				GCC_WARN_UNINITIALIZED_AUTOS = YES_AGGRESSIVE;
				GCC_WARN_UNUSED_FUNCTION = YES;
				GCC_WARN_UNUSED_VARIABLE = YES;
				IPHONEOS_DEPLOYMENT_TARGET = 18.0;
				LOCALIZATION_PREFERS_STRING_CATALOGS = YES;
				MTL_ENABLE_DEBUG_INFO = INCLUDE_SOURCE;
				MTL_FAST_MATH = YES;
				ONLY_ACTIVE_ARCH = YES;
				SDKROOT = iphoneos;
				SWIFT_ACTIVE_COMPILATION_CONDITIONS = "DEBUG $(inherited)";
				SWIFT_OPTIMIZATION_LEVEL = "-Onone";
			};
			name = Debug;
		};
		FCE1BD222CCE665000FC97F0 /* Release */ = {
			isa = XCBuildConfiguration;
			buildSettings = {
				ALWAYS_SEARCH_USER_PATHS = NO;
				ASSETCATALOG_COMPILER_GENERATE_SWIFT_ASSET_SYMBOL_EXTENSIONS = YES;
				CLANG_ANALYZER_NONNULL = YES;
				CLANG_ANALYZER_NUMBER_OBJECT_CONVERSION = YES_AGGRESSIVE;
				CLANG_CXX_LANGUAGE_STANDARD = "gnu++20";
				CLANG_ENABLE_MODULES = YES;
				CLANG_ENABLE_OBJC_ARC = YES;
				CLANG_ENABLE_OBJC_WEAK = YES;
				CLANG_WARN_BLOCK_CAPTURE_AUTORELEASING = YES;
				CLANG_WARN_BOOL_CONVERSION = YES;
				CLANG_WARN_COMMA = YES;
				CLANG_WARN_CONSTANT_CONVERSION = YES;
				CLANG_WARN_DEPRECATED_OBJC_IMPLEMENTATIONS = YES;
				CLANG_WARN_DIRECT_OBJC_ISA_USAGE = YES_ERROR;
				CLANG_WARN_DOCUMENTATION_COMMENTS = YES;
				CLANG_WARN_EMPTY_BODY = YES;
				CLANG_WARN_ENUM_CONVERSION = YES;
				CLANG_WARN_INFINITE_RECURSION = YES;
				CLANG_WARN_INT_CONVERSION = YES;
				CLANG_WARN_NON_LITERAL_NULL_CONVERSION = YES;
				CLANG_WARN_OBJC_IMPLICIT_RETAIN_SELF = YES;
				CLANG_WARN_OBJC_LITERAL_CONVERSION = YES;
				CLANG_WARN_OBJC_ROOT_CLASS = YES_ERROR;
				CLANG_WARN_QUOTED_INCLUDE_IN_FRAMEWORK_HEADER = YES;
				CLANG_WARN_RANGE_LOOP_ANALYSIS = YES;
				CLANG_WARN_STRICT_PROTOTYPES = YES;
				CLANG_WARN_SUSPICIOUS_MOVE = YES;
				CLANG_WARN_UNGUARDED_AVAILABILITY = YES_AGGRESSIVE;
				CLANG_WARN_UNREACHABLE_CODE = YES;
				CLANG_WARN__DUPLICATE_METHOD_MATCH = YES;
				COPY_PHASE_STRIP = NO;
				DEBUG_INFORMATION_FORMAT = "dwarf-with-dsym";
				ENABLE_NS_ASSERTIONS = NO;
				ENABLE_STRICT_OBJC_MSGSEND = YES;
				ENABLE_USER_SCRIPT_SANDBOXING = YES;
				GCC_C_LANGUAGE_STANDARD = gnu17;
				GCC_NO_COMMON_BLOCKS = YES;
				GCC_WARN_64_TO_32_BIT_CONVERSION = YES;
				GCC_WARN_ABOUT_RETURN_TYPE = YES_ERROR;
				GCC_WARN_UNDECLARED_SELECTOR = YES;
				GCC_WARN_UNINITIALIZED_AUTOS = YES_AGGRESSIVE;
				GCC_WARN_UNUSED_FUNCTION = YES;
				GCC_WARN_UNUSED_VARIABLE = YES;
				IPHONEOS_DEPLOYMENT_TARGET = 18.0;
				LOCALIZATION_PREFERS_STRING_CATALOGS = YES;
				MTL_ENABLE_DEBUG_INFO = NO;
				MTL_FAST_MATH = YES;
				SDKROOT = iphoneos;
				SWIFT_COMPILATION_MODE = wholemodule;
				VALIDATE_PRODUCT = YES;
			};
			name = Release;
		};
		FCE1BD8C2CCE706200FC97F0 /* Debug */ = {
			isa = XCBuildConfiguration;
			buildSettings = {
				BUNDLE_LOADER = "$(TEST_HOST)";
				CODE_SIGN_STYLE = Automatic;
				CURRENT_PROJECT_VERSION = 1;
				GENERATE_INFOPLIST_FILE = YES;
				MARKETING_VERSION = 1.0;
				PRODUCT_BUNDLE_IDENTIFIER = szabolcsvarga.TMDBMovieAppTests;
				PRODUCT_NAME = "$(TARGET_NAME)";
				SWIFT_EMIT_LOC_STRINGS = NO;
				SWIFT_VERSION = 5.0;
				TARGETED_DEVICE_FAMILY = "1,2";
				TEST_HOST = "$(BUILT_PRODUCTS_DIR)/TMDBMovieApp.app/$(BUNDLE_EXECUTABLE_FOLDER_PATH)/TMDBMovieApp";
			};
			name = Debug;
		};
		FCE1BD8D2CCE706200FC97F0 /* Release */ = {
			isa = XCBuildConfiguration;
			buildSettings = {
				BUNDLE_LOADER = "$(TEST_HOST)";
				CODE_SIGN_STYLE = Automatic;
				CURRENT_PROJECT_VERSION = 1;
				GENERATE_INFOPLIST_FILE = YES;
				MARKETING_VERSION = 1.0;
				PRODUCT_BUNDLE_IDENTIFIER = szabolcsvarga.TMDBMovieAppTests;
				PRODUCT_NAME = "$(TARGET_NAME)";
				SWIFT_EMIT_LOC_STRINGS = NO;
				SWIFT_VERSION = 5.0;
				TARGETED_DEVICE_FAMILY = "1,2";
				TEST_HOST = "$(BUILT_PRODUCTS_DIR)/TMDBMovieApp.app/$(BUNDLE_EXECUTABLE_FOLDER_PATH)/TMDBMovieApp";
			};
			name = Release;
		};
/* End XCBuildConfiguration section */

/* Begin XCConfigurationList section */
		FCE1BD062CCE664F00FC97F0 /* Build configuration list for PBXProject "TMDBMovieApp" */ = {
			isa = XCConfigurationList;
			buildConfigurations = (
				FCE1BD212CCE665000FC97F0 /* Debug */,
				FCE1BD222CCE665000FC97F0 /* Release */,
			);
			defaultConfigurationIsVisible = 0;
			defaultConfigurationName = Release;
		};
		FCE1BD1E2CCE665000FC97F0 /* Build configuration list for PBXNativeTarget "TMDBMovieApp" */ = {
			isa = XCConfigurationList;
			buildConfigurations = (
				FCE1BD1F2CCE665000FC97F0 /* Debug */,
				FCE1BD202CCE665000FC97F0 /* Release */,
			);
			defaultConfigurationIsVisible = 0;
			defaultConfigurationName = Release;
		};
		FCE1BD8B2CCE706200FC97F0 /* Build configuration list for PBXNativeTarget "TMDBMovieAppTests" */ = {
			isa = XCConfigurationList;
			buildConfigurations = (
				FCE1BD8C2CCE706200FC97F0 /* Debug */,
				FCE1BD8D2CCE706200FC97F0 /* Release */,
			);
			defaultConfigurationIsVisible = 0;
			defaultConfigurationName = Release;
		};
/* End XCConfigurationList section */
	};
	rootObject = FCE1BD032CCE664F00FC97F0 /* Project object */;
}
