// !$*UTF8*$!
{
	archiveVersion = 1;
	classes = {
	};
	objectVersion = 56;
	objects = {

/* Begin PBXBuildFile section */
		300011E5BBDEB785BF030411 /* Pods_TMDBMovieAppTests.framework in Frameworks */ = {isa = PBXBuildFile; fileRef = E93298140355954FA6ADC66B /* Pods_TMDBMovieAppTests.framework */; };
		50B2F644CA36449DB935F436 /* Pods_TMDBMovieApp.framework in Frameworks */ = {isa = PBXBuildFile; fileRef = 8C8C60DF5FDCB61278B1AE9F /* Pods_TMDBMovieApp.framework */; };
		FC063CBD2CCE827C00AA7FBE /* Api.swift in Sources */ = {isa = PBXBuildFile; fileRef = FC063CBC2CCE827C00AA7FBE /* Api.swift */; };
		FC063CBF2CCE842600AA7FBE /* NetworkModule.swift in Sources */ = {isa = PBXBuildFile; fileRef = FC063CBE2CCE842600AA7FBE /* NetworkModule.swift */; };
		FC063CC12CCE844B00AA7FBE /* MovieResponse.swift in Sources */ = {isa = PBXBuildFile; fileRef = FC063CC02CCE844B00AA7FBE /* MovieResponse.swift */; };
		FC063CC32CCE846200AA7FBE /* MovieDetailsResponse.swift in Sources */ = {isa = PBXBuildFile; fileRef = FC063CC22CCE846200AA7FBE /* MovieDetailsResponse.swift */; };
		FC063CC82CCE84AC00AA7FBE /* MovieService.swift in Sources */ = {isa = PBXBuildFile; fileRef = FC063CC72CCE84AC00AA7FBE /* MovieService.swift */; };
		FC063CCA2CCE853B00AA7FBE /* MovieListInteractor.swift in Sources */ = {isa = PBXBuildFile; fileRef = FC063CC92CCE853B00AA7FBE /* MovieListInteractor.swift */; };
		FC063CCC2CCE85F100AA7FBE /* MovieListPresenter.swift in Sources */ = {isa = PBXBuildFile; fileRef = FC063CCB2CCE85F100AA7FBE /* MovieListPresenter.swift */; };
		FC063CCF2CCE8A8500AA7FBE /* MovieCell.swift in Sources */ = {isa = PBXBuildFile; fileRef = FC063CCE2CCE8A8500AA7FBE /* MovieCell.swift */; };
		FC063CD22CCE8B2E00AA7FBE /* NSLayoutConstraints+Extensions.swift in Sources */ = {isa = PBXBuildFile; fileRef = FC063CD12CCE8B2E00AA7FBE /* NSLayoutConstraints+Extensions.swift */; };
		FC063CD42CCE8B4300AA7FBE /* UITableView+Extensions.swift in Sources */ = {isa = PBXBuildFile; fileRef = FC063CD32CCE8B4300AA7FBE /* UITableView+Extensions.swift */; };
		FC063CD72CCE8D0D00AA7FBE /* DI.swift in Sources */ = {isa = PBXBuildFile; fileRef = FC063CD62CCE8D0D00AA7FBE /* DI.swift */; };
		FC063CD92CCE8D2700AA7FBE /* DI+Interactors.swift in Sources */ = {isa = PBXBuildFile; fileRef = FC063CD82CCE8D2700AA7FBE /* DI+Interactors.swift */; };
		FC063CDB2CCE8D4200AA7FBE /* DI+Services.swift in Sources */ = {isa = PBXBuildFile; fileRef = FC063CDA2CCE8D4200AA7FBE /* DI+Services.swift */; };
		FC063CDD2CCE8D5500AA7FBE /* DI+NetworkModul.swift in Sources */ = {isa = PBXBuildFile; fileRef = FC063CDC2CCE8D5500AA7FBE /* DI+NetworkModul.swift */; };
		FC063CE32CCE957B00AA7FBE /* Movie.strings in Resources */ = {isa = PBXBuildFile; fileRef = FC063CE12CCE957B00AA7FBE /* Movie.strings */; };
		FC063CE72CCE95F000AA7FBE /* TMDBFont.swift in Sources */ = {isa = PBXBuildFile; fileRef = FC063CE62CCE95F000AA7FBE /* TMDBFont.swift */; };
		FC063CE92CCE964100AA7FBE /* FontLoader.swift in Sources */ = {isa = PBXBuildFile; fileRef = FC063CE82CCE963A00AA7FBE /* FontLoader.swift */; };
		FC063CEB2CCE969800AA7FBE /* Layouts.swift in Sources */ = {isa = PBXBuildFile; fileRef = FC063CEA2CCE969500AA7FBE /* Layouts.swift */; };
		FC063CED2CCE96EB00AA7FBE /* UIFont+Extensions.swift in Sources */ = {isa = PBXBuildFile; fileRef = FC063CEC2CCE96EB00AA7FBE /* UIFont+Extensions.swift */; };
		FC063CF02CCE97A500AA7FBE /* Assets.swift in Sources */ = {isa = PBXBuildFile; fileRef = FC063CEE2CCE97A500AA7FBE /* Assets.swift */; };
		FC063CF12CCE97A500AA7FBE /* Localizable.swift in Sources */ = {isa = PBXBuildFile; fileRef = FC063CEF2CCE97A500AA7FBE /* Localizable.swift */; };
		FCE1BD982CCE721500FC97F0 /* AppDelegate.swift in Sources */ = {isa = PBXBuildFile; fileRef = FCE1BD8E2CCE721500FC97F0 /* AppDelegate.swift */; };
		FCE1BD992CCE721500FC97F0 /* SceneDelegate.swift in Sources */ = {isa = PBXBuildFile; fileRef = FCE1BD952CCE721500FC97F0 /* SceneDelegate.swift */; };
		FCE1BD9A2CCE721500FC97F0 /* MovieListViewController.swift in Sources */ = {isa = PBXBuildFile; fileRef = FCE1BD962CCE721500FC97F0 /* MovieListViewController.swift */; };
		FCE1BD9B2CCE721500FC97F0 /* Assets.xcassets in Resources */ = {isa = PBXBuildFile; fileRef = FCE1BD8F2CCE721500FC97F0 /* Assets.xcassets */; };
		FCE1BD9D2CCE721500FC97F0 /* LaunchScreen.storyboard in Resources */ = {isa = PBXBuildFile; fileRef = FCE1BD922CCE721500FC97F0 /* LaunchScreen.storyboard */; };
		FCE1BDA12CCE721800FC97F0 /* TMDBMovieAppTests.swift in Sources */ = {isa = PBXBuildFile; fileRef = FCE1BD9F2CCE721800FC97F0 /* TMDBMovieAppTests.swift */; };
		FCE1BDAB2CCE754C00FC97F0 /* MovieCoordinator.swift in Sources */ = {isa = PBXBuildFile; fileRef = FCE1BDAA2CCE754A00FC97F0 /* MovieCoordinator.swift */; };
		FCE1BDAD2CCE757C00FC97F0 /* AppCoordinator.swift in Sources */ = {isa = PBXBuildFile; fileRef = FCE1BDAC2CCE757C00FC97F0 /* AppCoordinator.swift */; };
/* End PBXBuildFile section */

/* Begin PBXContainerItemProxy section */
		FCE1BD642CCE702A00FC97F0 /* PBXContainerItemProxy */ = {
			isa = PBXContainerItemProxy;
			containerPortal = FCE1BD452CCE702900FC97F0 /* Project object */;
			proxyType = 1;
			remoteGlobalIDString = FCE1BD4C2CCE702900FC97F0;
			remoteInfo = TMDBMovieApp;
		};
/* End PBXContainerItemProxy section */

/* Begin PBXFileReference section */
		087FCC40EE05513B899C12B8 /* Pods-TMDBMovieAppTests.debug.xcconfig */ = {isa = PBXFileReference; includeInIndex = 1; lastKnownFileType = text.xcconfig; name = "Pods-TMDBMovieAppTests.debug.xcconfig"; path = "Target Support Files/Pods-TMDBMovieAppTests/Pods-TMDBMovieAppTests.debug.xcconfig"; sourceTree = "<group>"; };
		23C022FD45A0E02FE7F7A73F /* Pods-TMDBMovieAppTests.release.xcconfig */ = {isa = PBXFileReference; includeInIndex = 1; lastKnownFileType = text.xcconfig; name = "Pods-TMDBMovieAppTests.release.xcconfig"; path = "Target Support Files/Pods-TMDBMovieAppTests/Pods-TMDBMovieAppTests.release.xcconfig"; sourceTree = "<group>"; };
		89ADA1F9260B1A542BB096D6 /* Pods-TMDBMovieApp.release.xcconfig */ = {isa = PBXFileReference; includeInIndex = 1; lastKnownFileType = text.xcconfig; name = "Pods-TMDBMovieApp.release.xcconfig"; path = "Target Support Files/Pods-TMDBMovieApp/Pods-TMDBMovieApp.release.xcconfig"; sourceTree = "<group>"; };
		8C8C60DF5FDCB61278B1AE9F /* Pods_TMDBMovieApp.framework */ = {isa = PBXFileReference; explicitFileType = wrapper.framework; includeInIndex = 0; path = Pods_TMDBMovieApp.framework; sourceTree = BUILT_PRODUCTS_DIR; };
		BCA5CDBAC4F3E4D5E44D531B /* Pods-TMDBMovieApp.debug.xcconfig */ = {isa = PBXFileReference; includeInIndex = 1; lastKnownFileType = text.xcconfig; name = "Pods-TMDBMovieApp.debug.xcconfig"; path = "Target Support Files/Pods-TMDBMovieApp/Pods-TMDBMovieApp.debug.xcconfig"; sourceTree = "<group>"; };
		E93298140355954FA6ADC66B /* Pods_TMDBMovieAppTests.framework */ = {isa = PBXFileReference; explicitFileType = wrapper.framework; includeInIndex = 0; path = Pods_TMDBMovieAppTests.framework; sourceTree = BUILT_PRODUCTS_DIR; };
		FC063CBC2CCE827C00AA7FBE /* Api.swift */ = {isa = PBXFileReference; lastKnownFileType = sourcecode.swift; path = Api.swift; sourceTree = "<group>"; };
		FC063CBE2CCE842600AA7FBE /* NetworkModule.swift */ = {isa = PBXFileReference; lastKnownFileType = sourcecode.swift; path = NetworkModule.swift; sourceTree = "<group>"; };
		FC063CC02CCE844B00AA7FBE /* MovieResponse.swift */ = {isa = PBXFileReference; lastKnownFileType = sourcecode.swift; path = MovieResponse.swift; sourceTree = "<group>"; };
		FC063CC22CCE846200AA7FBE /* MovieDetailsResponse.swift */ = {isa = PBXFileReference; lastKnownFileType = sourcecode.swift; path = MovieDetailsResponse.swift; sourceTree = "<group>"; };
		FC063CC72CCE84AC00AA7FBE /* MovieService.swift */ = {isa = PBXFileReference; lastKnownFileType = sourcecode.swift; path = MovieService.swift; sourceTree = "<group>"; };
		FC063CC92CCE853B00AA7FBE /* MovieListInteractor.swift */ = {isa = PBXFileReference; lastKnownFileType = sourcecode.swift; path = MovieListInteractor.swift; sourceTree = "<group>"; };
		FC063CCB2CCE85F100AA7FBE /* MovieListPresenter.swift */ = {isa = PBXFileReference; lastKnownFileType = sourcecode.swift; path = MovieListPresenter.swift; sourceTree = "<group>"; };
		FC063CCE2CCE8A8500AA7FBE /* MovieCell.swift */ = {isa = PBXFileReference; lastKnownFileType = sourcecode.swift; path = MovieCell.swift; sourceTree = "<group>"; };
		FC063CD12CCE8B2E00AA7FBE /* NSLayoutConstraints+Extensions.swift */ = {isa = PBXFileReference; lastKnownFileType = sourcecode.swift; path = "NSLayoutConstraints+Extensions.swift"; sourceTree = "<group>"; };
		FC063CD32CCE8B4300AA7FBE /* UITableView+Extensions.swift */ = {isa = PBXFileReference; lastKnownFileType = sourcecode.swift; path = "UITableView+Extensions.swift"; sourceTree = "<group>"; };
		FC063CD62CCE8D0D00AA7FBE /* DI.swift */ = {isa = PBXFileReference; lastKnownFileType = sourcecode.swift; path = DI.swift; sourceTree = "<group>"; };
		FC063CD82CCE8D2700AA7FBE /* DI+Interactors.swift */ = {isa = PBXFileReference; lastKnownFileType = sourcecode.swift; path = "DI+Interactors.swift"; sourceTree = "<group>"; };
		FC063CDA2CCE8D4200AA7FBE /* DI+Services.swift */ = {isa = PBXFileReference; lastKnownFileType = sourcecode.swift; path = "DI+Services.swift"; sourceTree = "<group>"; };
		FC063CDC2CCE8D5500AA7FBE /* DI+NetworkModul.swift */ = {isa = PBXFileReference; lastKnownFileType = sourcecode.swift; path = "DI+NetworkModul.swift"; sourceTree = "<group>"; };
		FC063CE22CCE957B00AA7FBE /* en */ = {isa = PBXFileReference; lastKnownFileType = text.plist.strings; name = en; path = en.lproj/Movie.strings; sourceTree = "<group>"; };
		FC063CE62CCE95F000AA7FBE /* TMDBFont.swift */ = {isa = PBXFileReference; lastKnownFileType = sourcecode.swift; path = TMDBFont.swift; sourceTree = "<group>"; };
		FC063CE82CCE963A00AA7FBE /* FontLoader.swift */ = {isa = PBXFileReference; lastKnownFileType = sourcecode.swift; path = FontLoader.swift; sourceTree = "<group>"; };
		FC063CEA2CCE969500AA7FBE /* Layouts.swift */ = {isa = PBXFileReference; lastKnownFileType = sourcecode.swift; path = Layouts.swift; sourceTree = "<group>"; };
		FC063CEC2CCE96EB00AA7FBE /* UIFont+Extensions.swift */ = {isa = PBXFileReference; lastKnownFileType = sourcecode.swift; path = "UIFont+Extensions.swift"; sourceTree = "<group>"; };
		FC063CEE2CCE97A500AA7FBE /* Assets.swift */ = {isa = PBXFileReference; lastKnownFileType = sourcecode.swift; path = Assets.swift; sourceTree = "<group>"; };
		FC063CEF2CCE97A500AA7FBE /* Localizable.swift */ = {isa = PBXFileReference; lastKnownFileType = sourcecode.swift; path = Localizable.swift; sourceTree = "<group>"; };
		FCE1BD4D2CCE702900FC97F0 /* TMDBMovieApp.app */ = {isa = PBXFileReference; explicitFileType = wrapper.application; includeInIndex = 0; path = TMDBMovieApp.app; sourceTree = BUILT_PRODUCTS_DIR; };
		FCE1BD632CCE702A00FC97F0 /* TMDBMovieAppTests.xctest */ = {isa = PBXFileReference; explicitFileType = wrapper.cfbundle; includeInIndex = 0; path = TMDBMovieAppTests.xctest; sourceTree = BUILT_PRODUCTS_DIR; };
		FCE1BD8E2CCE721500FC97F0 /* AppDelegate.swift */ = {isa = PBXFileReference; lastKnownFileType = sourcecode.swift; path = AppDelegate.swift; sourceTree = "<group>"; };
		FCE1BD8F2CCE721500FC97F0 /* Assets.xcassets */ = {isa = PBXFileReference; lastKnownFileType = folder.assetcatalog; path = Assets.xcassets; sourceTree = "<group>"; };
		FCE1BD902CCE721500FC97F0 /* Info.plist */ = {isa = PBXFileReference; lastKnownFileType = text.plist.xml; path = Info.plist; sourceTree = "<group>"; };
		FCE1BD912CCE721500FC97F0 /* Base */ = {isa = PBXFileReference; lastKnownFileType = file.storyboard; name = Base; path = Base.lproj/LaunchScreen.storyboard; sourceTree = "<group>"; };
		FCE1BD952CCE721500FC97F0 /* SceneDelegate.swift */ = {isa = PBXFileReference; lastKnownFileType = sourcecode.swift; path = SceneDelegate.swift; sourceTree = "<group>"; };
		FCE1BD962CCE721500FC97F0 /* MovieListViewController.swift */ = {isa = PBXFileReference; lastKnownFileType = sourcecode.swift; path = MovieListViewController.swift; sourceTree = "<group>"; };
		FCE1BD9F2CCE721800FC97F0 /* TMDBMovieAppTests.swift */ = {isa = PBXFileReference; lastKnownFileType = sourcecode.swift; path = TMDBMovieAppTests.swift; sourceTree = "<group>"; };
		FCE1BDAA2CCE754A00FC97F0 /* MovieCoordinator.swift */ = {isa = PBXFileReference; lastKnownFileType = sourcecode.swift; path = MovieCoordinator.swift; sourceTree = "<group>"; };
		FCE1BDAC2CCE757C00FC97F0 /* AppCoordinator.swift */ = {isa = PBXFileReference; lastKnownFileType = sourcecode.swift; path = AppCoordinator.swift; sourceTree = "<group>"; };
/* End PBXFileReference section */

/* Begin PBXFrameworksBuildPhase section */
		FCE1BD4A2CCE702900FC97F0 /* Frameworks */ = {
			isa = PBXFrameworksBuildPhase;
			buildActionMask = 2147483647;
			files = (
				50B2F644CA36449DB935F436 /* Pods_TMDBMovieApp.framework in Frameworks */,
			);
			runOnlyForDeploymentPostprocessing = 0;
		};
		FCE1BD602CCE702A00FC97F0 /* Frameworks */ = {
			isa = PBXFrameworksBuildPhase;
			buildActionMask = 2147483647;
			files = (
				300011E5BBDEB785BF030411 /* Pods_TMDBMovieAppTests.framework in Frameworks */,
			);
			runOnlyForDeploymentPostprocessing = 0;
		};
/* End PBXFrameworksBuildPhase section */

/* Begin PBXGroup section */
		07F59849C8176746EB5404D5 /* Pods */ = {
			isa = PBXGroup;
			children = (
				BCA5CDBAC4F3E4D5E44D531B /* Pods-TMDBMovieApp.debug.xcconfig */,
				89ADA1F9260B1A542BB096D6 /* Pods-TMDBMovieApp.release.xcconfig */,
				087FCC40EE05513B899C12B8 /* Pods-TMDBMovieAppTests.debug.xcconfig */,
				23C022FD45A0E02FE7F7A73F /* Pods-TMDBMovieAppTests.release.xcconfig */,
			);
			path = Pods;
			sourceTree = "<group>";
		};
		A54A98E4EF4A7D94BA98BD85 /* Frameworks */ = {
			isa = PBXGroup;
			children = (
				8C8C60DF5FDCB61278B1AE9F /* Pods_TMDBMovieApp.framework */,
				E93298140355954FA6ADC66B /* Pods_TMDBMovieAppTests.framework */,
			);
			name = Frameworks;
			sourceTree = "<group>";
		};
		FC063CB82CCE803E00AA7FBE /* Network */ = {
			isa = PBXGroup;
			children = (
				FC063CB92CCE804800AA7FBE /* Models */,
				FC063CBC2CCE827C00AA7FBE /* Api.swift */,
				FC063CBE2CCE842600AA7FBE /* NetworkModule.swift */,
			);
			path = Network;
			sourceTree = "<group>";
		};
		FC063CB92CCE804800AA7FBE /* Models */ = {
			isa = PBXGroup;
			children = (
				FC063CC02CCE844B00AA7FBE /* MovieResponse.swift */,
				FC063CC22CCE846200AA7FBE /* MovieDetailsResponse.swift */,
			);
			path = Models;
			sourceTree = "<group>";
		};
		FC063CC62CCE849900AA7FBE /* Services */ = {
			isa = PBXGroup;
			children = (
				FC063CC72CCE84AC00AA7FBE /* MovieService.swift */,
			);
			path = Services;
			sourceTree = "<group>";
		};
		FC063CCD2CCE8A6900AA7FBE /* Components */ = {
			isa = PBXGroup;
			children = (
				FC063CCE2CCE8A8500AA7FBE /* MovieCell.swift */,
			);
			path = Components;
			sourceTree = "<group>";
		};
		FC063CD02CCE8B1200AA7FBE /* Extensions */ = {
			isa = PBXGroup;
			children = (
				FC063CD12CCE8B2E00AA7FBE /* NSLayoutConstraints+Extensions.swift */,
				FC063CD32CCE8B4300AA7FBE /* UITableView+Extensions.swift */,
				FC063CEC2CCE96EB00AA7FBE /* UIFont+Extensions.swift */,
			);
			path = Extensions;
			sourceTree = "<group>";
		};
		FC063CD52CCE8CFE00AA7FBE /* DI */ = {
			isa = PBXGroup;
			children = (
				FC063CD62CCE8D0D00AA7FBE /* DI.swift */,
				FC063CD82CCE8D2700AA7FBE /* DI+Interactors.swift */,
				FC063CDA2CCE8D4200AA7FBE /* DI+Services.swift */,
				FC063CDC2CCE8D5500AA7FBE /* DI+NetworkModul.swift */,
			);
			path = DI;
			sourceTree = "<group>";
		};
		FC063CE02CCE955A00AA7FBE /* Generated */ = {
			isa = PBXGroup;
			children = (
				FC063CEE2CCE97A500AA7FBE /* Assets.swift */,
				FC063CEF2CCE97A500AA7FBE /* Localizable.swift */,
			);
			path = Generated;
			sourceTree = "<group>";
		};
		FC063CE42CCE95C200AA7FBE /* Utils */ = {
			isa = PBXGroup;
			children = (
				FC063CEA2CCE969500AA7FBE /* Layouts.swift */,
				FC063CE52CCE95D200AA7FBE /* Font */,
			);
			path = Utils;
			sourceTree = "<group>";
		};
		FC063CE52CCE95D200AA7FBE /* Font */ = {
			isa = PBXGroup;
			children = (
				FC063CE82CCE963A00AA7FBE /* FontLoader.swift */,
				FC063CE62CCE95F000AA7FBE /* TMDBFont.swift */,
			);
			path = Font;
			sourceTree = "<group>";
		};
		FCE1BD442CCE702900FC97F0 = {
			isa = PBXGroup;
			children = (
				FCE1BD972CCE721500FC97F0 /* TMDBMovieApp */,
				FCE1BDA02CCE721800FC97F0 /* TMDBMovieAppTests */,
				FCE1BD4E2CCE702900FC97F0 /* Products */,
				07F59849C8176746EB5404D5 /* Pods */,
				A54A98E4EF4A7D94BA98BD85 /* Frameworks */,
			);
			sourceTree = "<group>";
		};
		FCE1BD4E2CCE702900FC97F0 /* Products */ = {
			isa = PBXGroup;
			children = (
				FCE1BD4D2CCE702900FC97F0 /* TMDBMovieApp.app */,
				FCE1BD632CCE702A00FC97F0 /* TMDBMovieAppTests.xctest */,
			);
			name = Products;
			sourceTree = "<group>";
		};
		FCE1BD972CCE721500FC97F0 /* TMDBMovieApp */ = {
			isa = PBXGroup;
			children = (
				FC063CE42CCE95C200AA7FBE /* Utils */,
				FC063CE02CCE955A00AA7FBE /* Generated */,
				FC063CD52CCE8CFE00AA7FBE /* DI */,
				FC063CD02CCE8B1200AA7FBE /* Extensions */,
				FC063CC62CCE849900AA7FBE /* Services */,
				FC063CB82CCE803E00AA7FBE /* Network */,
				FCE1BDA82CCE750400FC97F0 /* Resources */,
				FCE1BDA72CCE74F900FC97F0 /* Scenes */,
				FCE1BD8E2CCE721500FC97F0 /* AppDelegate.swift */,
				FCE1BD952CCE721500FC97F0 /* SceneDelegate.swift */,
				FCE1BDAC2CCE757C00FC97F0 /* AppCoordinator.swift */,
			);
			path = TMDBMovieApp;
			sourceTree = "<group>";
		};
		FCE1BDA02CCE721800FC97F0 /* TMDBMovieAppTests */ = {
			isa = PBXGroup;
			children = (
				FCE1BD9F2CCE721800FC97F0 /* TMDBMovieAppTests.swift */,
			);
			path = TMDBMovieAppTests;
			sourceTree = "<group>";
		};
		FCE1BDA72CCE74F900FC97F0 /* Scenes */ = {
			isa = PBXGroup;
			children = (
				FC063CE12CCE957B00AA7FBE /* Movie.strings */,
				FCE1BDAA2CCE754A00FC97F0 /* MovieCoordinator.swift */,
				FCE1BDA92CCE751900FC97F0 /* MovieList */,
			);
			path = Scenes;
			sourceTree = "<group>";
		};
		FCE1BDA82CCE750400FC97F0 /* Resources */ = {
			isa = PBXGroup;
			children = (
				FCE1BD922CCE721500FC97F0 /* LaunchScreen.storyboard */,
				FCE1BD902CCE721500FC97F0 /* Info.plist */,
				FCE1BD8F2CCE721500FC97F0 /* Assets.xcassets */,
			);
			path = Resources;
			sourceTree = "<group>";
		};
		FCE1BDA92CCE751900FC97F0 /* MovieList */ = {
			isa = PBXGroup;
			children = (
				FC063CCD2CCE8A6900AA7FBE /* Components */,
				FCE1BD962CCE721500FC97F0 /* MovieListViewController.swift */,
				FC063CC92CCE853B00AA7FBE /* MovieListInteractor.swift */,
				FC063CCB2CCE85F100AA7FBE /* MovieListPresenter.swift */,
			);
			path = MovieList;
			sourceTree = "<group>";
		};
/* End PBXGroup section */

/* Begin PBXNativeTarget section */
		FCE1BD4C2CCE702900FC97F0 /* TMDBMovieApp */ = {
			isa = PBXNativeTarget;
			buildConfigurationList = FCE1BD762CCE702A00FC97F0 /* Build configuration list for PBXNativeTarget "TMDBMovieApp" */;
			buildPhases = (
				07F9D373DD2FA0011159DAF0 /* [CP] Check Pods Manifest.lock */,
				FCE1BD492CCE702900FC97F0 /* Sources */,
				FCE1BD4A2CCE702900FC97F0 /* Frameworks */,
				FCE1BD4B2CCE702900FC97F0 /* Resources */,
				F3DC8440D3E20632AFD743F2 /* [CP] Embed Pods Frameworks */,
				FC063CDE2CCE94A200AA7FBE /* SwiftLint */,
				FC063CDF2CCE94CA00AA7FBE /* SwiftGen */,
			);
			buildRules = (
			);
			dependencies = (
			);
			name = TMDBMovieApp;
			productName = TMDBMovieApp;
			productReference = FCE1BD4D2CCE702900FC97F0 /* TMDBMovieApp.app */;
			productType = "com.apple.product-type.application";
		};
		FCE1BD622CCE702A00FC97F0 /* TMDBMovieAppTests */ = {
			isa = PBXNativeTarget;
			buildConfigurationList = FCE1BD7B2CCE702A00FC97F0 /* Build configuration list for PBXNativeTarget "TMDBMovieAppTests" */;
			buildPhases = (
				08CFC3FBCCFC9598BA7236C6 /* [CP] Check Pods Manifest.lock */,
				FCE1BD5F2CCE702A00FC97F0 /* Sources */,
				FCE1BD602CCE702A00FC97F0 /* Frameworks */,
				FCE1BD612CCE702A00FC97F0 /* Resources */,
				AF03EC75E56CB8EC71612F53 /* [CP] Embed Pods Frameworks */,
			);
			buildRules = (
			);
			dependencies = (
				FCE1BD652CCE702A00FC97F0 /* PBXTargetDependency */,
			);
			name = TMDBMovieAppTests;
			productName = TMDBMovieAppTests;
			productReference = FCE1BD632CCE702A00FC97F0 /* TMDBMovieAppTests.xctest */;
			productType = "com.apple.product-type.bundle.unit-test";
		};
/* End PBXNativeTarget section */

/* Begin PBXProject section */
		FCE1BD452CCE702900FC97F0 /* Project object */ = {
			isa = PBXProject;
			attributes = {
				BuildIndependentTargetsInParallel = 1;
				LastSwiftUpdateCheck = 1600;
				LastUpgradeCheck = 1600;
				TargetAttributes = {
					FCE1BD4C2CCE702900FC97F0 = {
						CreatedOnToolsVersion = 16.0;
					};
					FCE1BD622CCE702A00FC97F0 = {
						CreatedOnToolsVersion = 16.0;
						TestTargetID = FCE1BD4C2CCE702900FC97F0;
					};
				};
			};
			buildConfigurationList = FCE1BD482CCE702900FC97F0 /* Build configuration list for PBXProject "TMDBMovieApp" */;
			compatibilityVersion = "Xcode 14.0";
			developmentRegion = en;
			hasScannedForEncodings = 0;
			knownRegions = (
				en,
				Base,
			);
			mainGroup = FCE1BD442CCE702900FC97F0;
			productRefGroup = FCE1BD4E2CCE702900FC97F0 /* Products */;
			projectDirPath = "";
			projectRoot = "";
			targets = (
				FCE1BD4C2CCE702900FC97F0 /* TMDBMovieApp */,
				FCE1BD622CCE702A00FC97F0 /* TMDBMovieAppTests */,
			);
		};
/* End PBXProject section */

/* Begin PBXResourcesBuildPhase section */
		FCE1BD4B2CCE702900FC97F0 /* Resources */ = {
			isa = PBXResourcesBuildPhase;
			buildActionMask = 2147483647;
			files = (
				FCE1BD9B2CCE721500FC97F0 /* Assets.xcassets in Resources */,
				FCE1BD9D2CCE721500FC97F0 /* LaunchScreen.storyboard in Resources */,
				FC063CE32CCE957B00AA7FBE /* Movie.strings in Resources */,
			);
			runOnlyForDeploymentPostprocessing = 0;
		};
		FCE1BD612CCE702A00FC97F0 /* Resources */ = {
			isa = PBXResourcesBuildPhase;
			buildActionMask = 2147483647;
			files = (
			);
			runOnlyForDeploymentPostprocessing = 0;
		};
/* End PBXResourcesBuildPhase section */

/* Begin PBXShellScriptBuildPhase section */
		07F9D373DD2FA0011159DAF0 /* [CP] Check Pods Manifest.lock */ = {
			isa = PBXShellScriptBuildPhase;
			buildActionMask = 2147483647;
			files = (
			);
			inputFileListPaths = (
			);
			inputPaths = (
				"${PODS_PODFILE_DIR_PATH}/Podfile.lock",
				"${PODS_ROOT}/Manifest.lock",
			);
			name = "[CP] Check Pods Manifest.lock";
			outputFileListPaths = (
			);
			outputPaths = (
				"$(DERIVED_FILE_DIR)/Pods-TMDBMovieApp-checkManifestLockResult.txt",
			);
			runOnlyForDeploymentPostprocessing = 0;
			shellPath = /bin/sh;
			shellScript = "diff \"${PODS_PODFILE_DIR_PATH}/Podfile.lock\" \"${PODS_ROOT}/Manifest.lock\" > /dev/null\nif [ $? != 0 ] ; then\n    # print error to STDERR\n    echo \"error: The sandbox is not in sync with the Podfile.lock. Run 'pod install' or update your CocoaPods installation.\" >&2\n    exit 1\nfi\n# This output is used by Xcode 'outputs' to avoid re-running this script phase.\necho \"SUCCESS\" > \"${SCRIPT_OUTPUT_FILE_0}\"\n";
			showEnvVarsInLog = 0;
		};
		08CFC3FBCCFC9598BA7236C6 /* [CP] Check Pods Manifest.lock */ = {
			isa = PBXShellScriptBuildPhase;
			buildActionMask = 2147483647;
			files = (
			);
			inputFileListPaths = (
			);
			inputPaths = (
				"${PODS_PODFILE_DIR_PATH}/Podfile.lock",
				"${PODS_ROOT}/Manifest.lock",
			);
			name = "[CP] Check Pods Manifest.lock";
			outputFileListPaths = (
			);
			outputPaths = (
				"$(DERIVED_FILE_DIR)/Pods-TMDBMovieAppTests-checkManifestLockResult.txt",
			);
			runOnlyForDeploymentPostprocessing = 0;
			shellPath = /bin/sh;
			shellScript = "diff \"${PODS_PODFILE_DIR_PATH}/Podfile.lock\" \"${PODS_ROOT}/Manifest.lock\" > /dev/null\nif [ $? != 0 ] ; then\n    # print error to STDERR\n    echo \"error: The sandbox is not in sync with the Podfile.lock. Run 'pod install' or update your CocoaPods installation.\" >&2\n    exit 1\nfi\n# This output is used by Xcode 'outputs' to avoid re-running this script phase.\necho \"SUCCESS\" > \"${SCRIPT_OUTPUT_FILE_0}\"\n";
			showEnvVarsInLog = 0;
		};
		AF03EC75E56CB8EC71612F53 /* [CP] Embed Pods Frameworks */ = {
			isa = PBXShellScriptBuildPhase;
			buildActionMask = 2147483647;
			files = (
			);
			inputFileListPaths = (
				"${PODS_ROOT}/Target Support Files/Pods-TMDBMovieAppTests/Pods-TMDBMovieAppTests-frameworks-${CONFIGURATION}-input-files.xcfilelist",
			);
			name = "[CP] Embed Pods Frameworks";
			outputFileListPaths = (
				"${PODS_ROOT}/Target Support Files/Pods-TMDBMovieAppTests/Pods-TMDBMovieAppTests-frameworks-${CONFIGURATION}-output-files.xcfilelist",
			);
			runOnlyForDeploymentPostprocessing = 0;
			shellPath = /bin/sh;
			shellScript = "\"${PODS_ROOT}/Target Support Files/Pods-TMDBMovieAppTests/Pods-TMDBMovieAppTests-frameworks.sh\"\n";
			showEnvVarsInLog = 0;
		};
		F3DC8440D3E20632AFD743F2 /* [CP] Embed Pods Frameworks */ = {
			isa = PBXShellScriptBuildPhase;
			buildActionMask = 2147483647;
			files = (
			);
			inputFileListPaths = (
				"${PODS_ROOT}/Target Support Files/Pods-TMDBMovieApp/Pods-TMDBMovieApp-frameworks-${CONFIGURATION}-input-files.xcfilelist",
			);
			name = "[CP] Embed Pods Frameworks";
			outputFileListPaths = (
				"${PODS_ROOT}/Target Support Files/Pods-TMDBMovieApp/Pods-TMDBMovieApp-frameworks-${CONFIGURATION}-output-files.xcfilelist",
			);
			runOnlyForDeploymentPostprocessing = 0;
			shellPath = /bin/sh;
			shellScript = "\"${PODS_ROOT}/Target Support Files/Pods-TMDBMovieApp/Pods-TMDBMovieApp-frameworks.sh\"\n";
			showEnvVarsInLog = 0;
		};
		FC063CDE2CCE94A200AA7FBE /* SwiftLint */ = {
			isa = PBXShellScriptBuildPhase;
			buildActionMask = 2147483647;
			files = (
			);
			inputFileListPaths = (
			);
			inputPaths = (
			);
			name = SwiftLint;
			outputFileListPaths = (
			);
			outputPaths = (
			);
			runOnlyForDeploymentPostprocessing = 0;
			shellPath = /bin/sh;
			shellScript = "if [[ -f \"${PODS_ROOT}/SwiftLint/swiftlint\" ]]; then\n  \"${PODS_ROOT}/SwiftLint/swiftlint\" --fix\nelse\n  echo \"error: SwiftLint is not installed. Run 'pod install --repo-update' to install it.\"\n  return -1\nfi\n";
		};
		FC063CDF2CCE94CA00AA7FBE /* SwiftGen */ = {
			isa = PBXShellScriptBuildPhase;
			buildActionMask = 2147483647;
			files = (
			);
			inputFileListPaths = (
			);
			inputPaths = (
			);
			name = SwiftGen;
			outputFileListPaths = (
			);
			outputPaths = (
			);
			runOnlyForDeploymentPostprocessing = 0;
			shellPath = /bin/sh;
			shellScript = "if [[ -f \"${PODS_ROOT}/SwiftGen/bin/swiftgen\" ]]; then\n  \"${PODS_ROOT}/SwiftGen/bin/swiftgen\" config run --config \".swiftgen.yml\"\nelse\n  echo \"error: SwiftGen is not installed. Run 'pod install --repo-update' to install it.\"\n  return -1\nfi\n";
		};
/* End PBXShellScriptBuildPhase section */

/* Begin PBXSourcesBuildPhase section */
		FCE1BD492CCE702900FC97F0 /* Sources */ = {
			isa = PBXSourcesBuildPhase;
			buildActionMask = 2147483647;
			files = (
				FC063CD72CCE8D0D00AA7FBE /* DI.swift in Sources */,
				FC063CE92CCE964100AA7FBE /* FontLoader.swift in Sources */,
				FC063CD42CCE8B4300AA7FBE /* UITableView+Extensions.swift in Sources */,
				FC063CDB2CCE8D4200AA7FBE /* DI+Services.swift in Sources */,
				FC063CE72CCE95F000AA7FBE /* TMDBFont.swift in Sources */,
				FC063CCF2CCE8A8500AA7FBE /* MovieCell.swift in Sources */,
				FC063CBD2CCE827C00AA7FBE /* Api.swift in Sources */,
				FCE1BD982CCE721500FC97F0 /* AppDelegate.swift in Sources */,
				FCE1BD992CCE721500FC97F0 /* SceneDelegate.swift in Sources */,
				FC063CED2CCE96EB00AA7FBE /* UIFont+Extensions.swift in Sources */,
				FC063CC32CCE846200AA7FBE /* MovieDetailsResponse.swift in Sources */,
				FCE1BDAD2CCE757C00FC97F0 /* AppCoordinator.swift in Sources */,
				FCE1BDAB2CCE754C00FC97F0 /* MovieCoordinator.swift in Sources */,
				FC063CD22CCE8B2E00AA7FBE /* NSLayoutConstraints+Extensions.swift in Sources */,
				FC063CCA2CCE853B00AA7FBE /* MovieListInteractor.swift in Sources */,
				FC063CCC2CCE85F100AA7FBE /* MovieListPresenter.swift in Sources */,
				FC063CF02CCE97A500AA7FBE /* Assets.swift in Sources */,
				FC063CF12CCE97A500AA7FBE /* Localizable.swift in Sources */,
				FC063CD92CCE8D2700AA7FBE /* DI+Interactors.swift in Sources */,
				FC063CC12CCE844B00AA7FBE /* MovieResponse.swift in Sources */,
				FC063CBF2CCE842600AA7FBE /* NetworkModule.swift in Sources */,
				FC063CEB2CCE969800AA7FBE /* Layouts.swift in Sources */,
				FC063CDD2CCE8D5500AA7FBE /* DI+NetworkModul.swift in Sources */,
				FCE1BD9A2CCE721500FC97F0 /* MovieListViewController.swift in Sources */,
				FC063CC82CCE84AC00AA7FBE /* MovieService.swift in Sources */,
			);
			runOnlyForDeploymentPostprocessing = 0;
		};
		FCE1BD5F2CCE702A00FC97F0 /* Sources */ = {
			isa = PBXSourcesBuildPhase;
			buildActionMask = 2147483647;
			files = (
				FCE1BDA12CCE721800FC97F0 /* TMDBMovieAppTests.swift in Sources */,
			);
			runOnlyForDeploymentPostprocessing = 0;
		};
/* End PBXSourcesBuildPhase section */

/* Begin PBXTargetDependency section */
		FCE1BD652CCE702A00FC97F0 /* PBXTargetDependency */ = {
			isa = PBXTargetDependency;
			target = FCE1BD4C2CCE702900FC97F0 /* TMDBMovieApp */;
			targetProxy = FCE1BD642CCE702A00FC97F0 /* PBXContainerItemProxy */;
		};
/* End PBXTargetDependency section */

/* Begin PBXVariantGroup section */
		FC063CE12CCE957B00AA7FBE /* Movie.strings */ = {
			isa = PBXVariantGroup;
			children = (
				FC063CE22CCE957B00AA7FBE /* en */,
			);
			name = Movie.strings;
			sourceTree = "<group>";
		};
		FCE1BD922CCE721500FC97F0 /* LaunchScreen.storyboard */ = {
			isa = PBXVariantGroup;
			children = (
				FCE1BD912CCE721500FC97F0 /* Base */,
			);
			name = LaunchScreen.storyboard;
			sourceTree = "<group>";
		};
/* End PBXVariantGroup section */

/* Begin XCBuildConfiguration section */
		FCE1BD772CCE702A00FC97F0 /* Debug */ = {
			isa = XCBuildConfiguration;
			baseConfigurationReference = BCA5CDBAC4F3E4D5E44D531B /* Pods-TMDBMovieApp.debug.xcconfig */;
			buildSettings = {
				ASSETCATALOG_COMPILER_APPICON_NAME = AppIcon;
				ASSETCATALOG_COMPILER_GLOBAL_ACCENT_COLOR_NAME = AccentColor;
				CODE_SIGN_STYLE = Automatic;
				CURRENT_PROJECT_VERSION = 1;
				ENABLE_USER_SCRIPT_SANDBOXING = NO;
				GENERATE_INFOPLIST_FILE = YES;
				INFOPLIST_FILE = TMDBMovieApp/Resources/Info.plist;
				INFOPLIST_KEY_UIApplicationSupportsIndirectInputEvents = YES;
				INFOPLIST_KEY_UILaunchStoryboardName = LaunchScreen;
				INFOPLIST_KEY_UISupportedInterfaceOrientations_iPhone = UIInterfaceOrientationPortrait;
				LD_RUNPATH_SEARCH_PATHS = (
					"$(inherited)",
					"@executable_path/Frameworks",
				);
				MARKETING_VERSION = 1.0;
				PRODUCT_BUNDLE_IDENTIFIER = szabolcsvarga.TMDBMovieApp;
				PRODUCT_NAME = "$(TARGET_NAME)";
				SUPPORTED_PLATFORMS = "iphoneos iphonesimulator";
				SUPPORTS_MACCATALYST = NO;
				SUPPORTS_MAC_DESIGNED_FOR_IPHONE_IPAD = NO;
				SUPPORTS_XR_DESIGNED_FOR_IPHONE_IPAD = NO;
				SWIFT_EMIT_LOC_STRINGS = YES;
				SWIFT_VERSION = 5.0;
				TARGETED_DEVICE_FAMILY = 1;
			};
			name = Debug;
		};
		FCE1BD782CCE702A00FC97F0 /* Release */ = {
			isa = XCBuildConfiguration;
			baseConfigurationReference = 89ADA1F9260B1A542BB096D6 /* Pods-TMDBMovieApp.release.xcconfig */;
			buildSettings = {
				ASSETCATALOG_COMPILER_APPICON_NAME = AppIcon;
				ASSETCATALOG_COMPILER_GLOBAL_ACCENT_COLOR_NAME = AccentColor;
				CODE_SIGN_STYLE = Automatic;
				CURRENT_PROJECT_VERSION = 1;
				ENABLE_USER_SCRIPT_SANDBOXING = NO;
				GENERATE_INFOPLIST_FILE = YES;
				INFOPLIST_FILE = TMDBMovieApp/Resources/Info.plist;
				INFOPLIST_KEY_UIApplicationSupportsIndirectInputEvents = YES;
				INFOPLIST_KEY_UILaunchStoryboardName = LaunchScreen;
				INFOPLIST_KEY_UISupportedInterfaceOrientations_iPhone = UIInterfaceOrientationPortrait;
				LD_RUNPATH_SEARCH_PATHS = (
					"$(inherited)",
					"@executable_path/Frameworks",
				);
				MARKETING_VERSION = 1.0;
				PRODUCT_BUNDLE_IDENTIFIER = szabolcsvarga.TMDBMovieApp;
				PRODUCT_NAME = "$(TARGET_NAME)";
				SUPPORTED_PLATFORMS = "iphoneos iphonesimulator";
				SUPPORTS_MACCATALYST = NO;
				SUPPORTS_MAC_DESIGNED_FOR_IPHONE_IPAD = NO;
				SUPPORTS_XR_DESIGNED_FOR_IPHONE_IPAD = NO;
				SWIFT_EMIT_LOC_STRINGS = YES;
				SWIFT_VERSION = 5.0;
				TARGETED_DEVICE_FAMILY = 1;
			};
			name = Release;
		};
		FCE1BD792CCE702A00FC97F0 /* Debug */ = {
			isa = XCBuildConfiguration;
			buildSettings = {
				ALWAYS_SEARCH_USER_PATHS = NO;
				ASSETCATALOG_COMPILER_GENERATE_SWIFT_ASSET_SYMBOL_EXTENSIONS = YES;
				CLANG_ANALYZER_NONNULL = YES;
				CLANG_ANALYZER_NUMBER_OBJECT_CONVERSION = YES_AGGRESSIVE;
				CLANG_CXX_LANGUAGE_STANDARD = "gnu++20";
				CLANG_ENABLE_MODULES = YES;
				CLANG_ENABLE_OBJC_ARC = YES;
				CLANG_ENABLE_OBJC_WEAK = YES;
				CLANG_WARN_BLOCK_CAPTURE_AUTORELEASING = YES;
				CLANG_WARN_BOOL_CONVERSION = YES;
				CLANG_WARN_COMMA = YES;
				CLANG_WARN_CONSTANT_CONVERSION = YES;
				CLANG_WARN_DEPRECATED_OBJC_IMPLEMENTATIONS = YES;
				CLANG_WARN_DIRECT_OBJC_ISA_USAGE = YES_ERROR;
				CLANG_WARN_DOCUMENTATION_COMMENTS = YES;
				CLANG_WARN_EMPTY_BODY = YES;
				CLANG_WARN_ENUM_CONVERSION = YES;
				CLANG_WARN_INFINITE_RECURSION = YES;
				CLANG_WARN_INT_CONVERSION = YES;
				CLANG_WARN_NON_LITERAL_NULL_CONVERSION = YES;
				CLANG_WARN_OBJC_IMPLICIT_RETAIN_SELF = YES;
				CLANG_WARN_OBJC_LITERAL_CONVERSION = YES;
				CLANG_WARN_OBJC_ROOT_CLASS = YES_ERROR;
				CLANG_WARN_QUOTED_INCLUDE_IN_FRAMEWORK_HEADER = YES;
				CLANG_WARN_RANGE_LOOP_ANALYSIS = YES;
				CLANG_WARN_STRICT_PROTOTYPES = YES;
				CLANG_WARN_SUSPICIOUS_MOVE = YES;
				CLANG_WARN_UNGUARDED_AVAILABILITY = YES_AGGRESSIVE;
				CLANG_WARN_UNREACHABLE_CODE = YES;
				CLANG_WARN__DUPLICATE_METHOD_MATCH = YES;
				COPY_PHASE_STRIP = NO;
				DEBUG_INFORMATION_FORMAT = dwarf;
				ENABLE_STRICT_OBJC_MSGSEND = YES;
				ENABLE_TESTABILITY = YES;
				ENABLE_USER_SCRIPT_SANDBOXING = YES;
				GCC_C_LANGUAGE_STANDARD = gnu17;
				GCC_DYNAMIC_NO_PIC = NO;
				GCC_NO_COMMON_BLOCKS = YES;
				GCC_OPTIMIZATION_LEVEL = 0;
				GCC_PREPROCESSOR_DEFINITIONS = (
					"DEBUG=1",
					"$(inherited)",
				);
				GCC_WARN_64_TO_32_BIT_CONVERSION = YES;
				GCC_WARN_ABOUT_RETURN_TYPE = YES_ERROR;
				GCC_WARN_UNDECLARED_SELECTOR = YES;
				GCC_WARN_UNINITIALIZED_AUTOS = YES_AGGRESSIVE;
				GCC_WARN_UNUSED_FUNCTION = YES;
				GCC_WARN_UNUSED_VARIABLE = YES;
				IPHONEOS_DEPLOYMENT_TARGET = 18.0;
				LOCALIZATION_PREFERS_STRING_CATALOGS = YES;
				MTL_ENABLE_DEBUG_INFO = INCLUDE_SOURCE;
				MTL_FAST_MATH = YES;
				ONLY_ACTIVE_ARCH = YES;
				SDKROOT = iphoneos;
				SWIFT_ACTIVE_COMPILATION_CONDITIONS = "DEBUG $(inherited)";
				SWIFT_OPTIMIZATION_LEVEL = "-Onone";
			};
			name = Debug;
		};
		FCE1BD7A2CCE702A00FC97F0 /* Release */ = {
			isa = XCBuildConfiguration;
			buildSettings = {
				ALWAYS_SEARCH_USER_PATHS = NO;
				ASSETCATALOG_COMPILER_GENERATE_SWIFT_ASSET_SYMBOL_EXTENSIONS = YES;
				CLANG_ANALYZER_NONNULL = YES;
				CLANG_ANALYZER_NUMBER_OBJECT_CONVERSION = YES_AGGRESSIVE;
				CLANG_CXX_LANGUAGE_STANDARD = "gnu++20";
				CLANG_ENABLE_MODULES = YES;
				CLANG_ENABLE_OBJC_ARC = YES;
				CLANG_ENABLE_OBJC_WEAK = YES;
				CLANG_WARN_BLOCK_CAPTURE_AUTORELEASING = YES;
				CLANG_WARN_BOOL_CONVERSION = YES;
				CLANG_WARN_COMMA = YES;
				CLANG_WARN_CONSTANT_CONVERSION = YES;
				CLANG_WARN_DEPRECATED_OBJC_IMPLEMENTATIONS = YES;
				CLANG_WARN_DIRECT_OBJC_ISA_USAGE = YES_ERROR;
				CLANG_WARN_DOCUMENTATION_COMMENTS = YES;
				CLANG_WARN_EMPTY_BODY = YES;
				CLANG_WARN_ENUM_CONVERSION = YES;
				CLANG_WARN_INFINITE_RECURSION = YES;
				CLANG_WARN_INT_CONVERSION = YES;
				CLANG_WARN_NON_LITERAL_NULL_CONVERSION = YES;
				CLANG_WARN_OBJC_IMPLICIT_RETAIN_SELF = YES;
				CLANG_WARN_OBJC_LITERAL_CONVERSION = YES;
				CLANG_WARN_OBJC_ROOT_CLASS = YES_ERROR;
				CLANG_WARN_QUOTED_INCLUDE_IN_FRAMEWORK_HEADER = YES;
				CLANG_WARN_RANGE_LOOP_ANALYSIS = YES;
				CLANG_WARN_STRICT_PROTOTYPES = YES;
				CLANG_WARN_SUSPICIOUS_MOVE = YES;
				CLANG_WARN_UNGUARDED_AVAILABILITY = YES_AGGRESSIVE;
				CLANG_WARN_UNREACHABLE_CODE = YES;
				CLANG_WARN__DUPLICATE_METHOD_MATCH = YES;
				COPY_PHASE_STRIP = NO;
				DEBUG_INFORMATION_FORMAT = "dwarf-with-dsym";
				ENABLE_NS_ASSERTIONS = NO;
				ENABLE_STRICT_OBJC_MSGSEND = YES;
				ENABLE_USER_SCRIPT_SANDBOXING = YES;
				GCC_C_LANGUAGE_STANDARD = gnu17;
				GCC_NO_COMMON_BLOCKS = YES;
				GCC_WARN_64_TO_32_BIT_CONVERSION = YES;
				GCC_WARN_ABOUT_RETURN_TYPE = YES_ERROR;
				GCC_WARN_UNDECLARED_SELECTOR = YES;
				GCC_WARN_UNINITIALIZED_AUTOS = YES_AGGRESSIVE;
				GCC_WARN_UNUSED_FUNCTION = YES;
				GCC_WARN_UNUSED_VARIABLE = YES;
				IPHONEOS_DEPLOYMENT_TARGET = 18.0;
				LOCALIZATION_PREFERS_STRING_CATALOGS = YES;
				MTL_ENABLE_DEBUG_INFO = NO;
				MTL_FAST_MATH = YES;
				SDKROOT = iphoneos;
				SWIFT_COMPILATION_MODE = wholemodule;
				VALIDATE_PRODUCT = YES;
			};
			name = Release;
		};
		FCE1BD7C2CCE702A00FC97F0 /* Debug */ = {
			isa = XCBuildConfiguration;
			baseConfigurationReference = 087FCC40EE05513B899C12B8 /* Pods-TMDBMovieAppTests.debug.xcconfig */;
			buildSettings = {
				BUNDLE_LOADER = "$(TEST_HOST)";
				CODE_SIGN_STYLE = Automatic;
				CURRENT_PROJECT_VERSION = 1;
				GENERATE_INFOPLIST_FILE = YES;
				IPHONEOS_DEPLOYMENT_TARGET = 18.0;
				MARKETING_VERSION = 1.0;
				PRODUCT_BUNDLE_IDENTIFIER = szabolcsvarga.TMDBMovieAppTests;
				PRODUCT_NAME = "$(TARGET_NAME)";
				SWIFT_EMIT_LOC_STRINGS = NO;
				SWIFT_VERSION = 5.0;
				TARGETED_DEVICE_FAMILY = "1,2";
				TEST_HOST = "$(BUILT_PRODUCTS_DIR)/TMDBMovieApp.app/$(BUNDLE_EXECUTABLE_FOLDER_PATH)/TMDBMovieApp";
			};
			name = Debug;
		};
		FCE1BD7D2CCE702A00FC97F0 /* Release */ = {
			isa = XCBuildConfiguration;
			baseConfigurationReference = 23C022FD45A0E02FE7F7A73F /* Pods-TMDBMovieAppTests.release.xcconfig */;
			buildSettings = {
				BUNDLE_LOADER = "$(TEST_HOST)";
				CODE_SIGN_STYLE = Automatic;
				CURRENT_PROJECT_VERSION = 1;
				GENERATE_INFOPLIST_FILE = YES;
				IPHONEOS_DEPLOYMENT_TARGET = 18.0;
				MARKETING_VERSION = 1.0;
				PRODUCT_BUNDLE_IDENTIFIER = szabolcsvarga.TMDBMovieAppTests;
				PRODUCT_NAME = "$(TARGET_NAME)";
				SWIFT_EMIT_LOC_STRINGS = NO;
				SWIFT_VERSION = 5.0;
				TARGETED_DEVICE_FAMILY = "1,2";
				TEST_HOST = "$(BUILT_PRODUCTS_DIR)/TMDBMovieApp.app/$(BUNDLE_EXECUTABLE_FOLDER_PATH)/TMDBMovieApp";
			};
			name = Release;
		};
/* End XCBuildConfiguration section */

/* Begin XCConfigurationList section */
		FCE1BD482CCE702900FC97F0 /* Build configuration list for PBXProject "TMDBMovieApp" */ = {
			isa = XCConfigurationList;
			buildConfigurations = (
				FCE1BD792CCE702A00FC97F0 /* Debug */,
				FCE1BD7A2CCE702A00FC97F0 /* Release */,
			);
			defaultConfigurationIsVisible = 0;
			defaultConfigurationName = Release;
		};
		FCE1BD762CCE702A00FC97F0 /* Build configuration list for PBXNativeTarget "TMDBMovieApp" */ = {
			isa = XCConfigurationList;
			buildConfigurations = (
				FCE1BD772CCE702A00FC97F0 /* Debug */,
				FCE1BD782CCE702A00FC97F0 /* Release */,
			);
			defaultConfigurationIsVisible = 0;
			defaultConfigurationName = Release;
		};
		FCE1BD7B2CCE702A00FC97F0 /* Build configuration list for PBXNativeTarget "TMDBMovieAppTests" */ = {
			isa = XCConfigurationList;
			buildConfigurations = (
				FCE1BD7C2CCE702A00FC97F0 /* Debug */,
				FCE1BD7D2CCE702A00FC97F0 /* Release */,
			);
			defaultConfigurationIsVisible = 0;
			defaultConfigurationName = Release;
		};
/* End XCConfigurationList section */
	};
	rootObject = FCE1BD452CCE702900FC97F0 /* Project object */;
}
